
Microsoft Visual Studio Solution File, Format Version 12.00
# Visual Studio Version 16
VisualStudioVersion = 16.0.0.0
MinimumVisualStudioVersion = 16.0.0.0
Project("{FAE04EC0-301F-11D3-BF4B-00C04F79EFBC}") = "zxadocsfe", "zxadocsfe\zxadocsfe.csproj", "{46D1A101-3CF6-4B14-ABA2-A170CC7ED43D}"
EndProject
Project("{FAE04EC0-301F-11D3-BF4B-00C04F79EFBC}") = "zxadocsui", "zxadocsui\zxadocsui.csproj", "{BB60217C-92FC-434E-830C-22AD7F1356E2}"
EndProject
Project("{FAE04EC0-301F-11D3-BF4B-00C04F79EFBC}") = "zxadocsui.Tests", "zxadocsui.Tests\zxadocsui.Tests.csproj", "{24705B98-B657-467D-98AC-3E1C32DC3EE2}"
EndProject
Project("{FAE04EC0-301F-11D3-BF4B-00C04F79EFBC}") = "zxadocslib", "..\zxadocslib\zxadocslib\zxadocslib.csproj", "{18147544-7EB1-4642-B8E8-8C263BFF5F27}"
EndProject
Global
	GlobalSection(SolutionConfigurationPlatforms) = preSolution
		Debug|Any CPU = Debug|Any CPU
		Debug|x64 = Debug|x64
		Debug|x86 = Debug|x86
		Release|Any CPU = Release|Any CPU
		Release|x64 = Release|x64
		Release|x86 = Release|x86
	EndGlobalSection
	GlobalSection(ProjectConfigurationPlatforms) = postSolution
		{46D1A101-3CF6-4B14-ABA2-A170CC7ED43D}.Debug|Any CPU.ActiveCfg = Debug|Any CPU
		{46D1A101-3CF6-4B14-ABA2-A170CC7ED43D}.Debug|Any CPU.Build.0 = Debug|Any CPU
		{46D1A101-3CF6-4B14-ABA2-A170CC7ED43D}.Debug|x64.ActiveCfg = Debug|Any CPU
		{46D1A101-3CF6-4B14-ABA2-A170CC7ED43D}.Debug|x64.Build.0 = Debug|Any CPU
		{46D1A101-3CF6-4B14-ABA2-A170CC7ED43D}.Debug|x86.ActiveCfg = Debug|Any CPU
		{46D1A101-3CF6-4B14-ABA2-A170CC7ED43D}.Debug|x86.Build.0 = Debug|Any CPU
		{46D1A101-3CF6-4B14-ABA2-A170CC7ED43D}.Release|Any CPU.ActiveCfg = Release|Any CPU
		{46D1A101-3CF6-4B14-ABA2-A170CC7ED43D}.Release|Any CPU.Build.0 = Release|Any CPU
		{46D1A101-3CF6-4B14-ABA2-A170CC7ED43D}.Release|x64.ActiveCfg = Release|Any CPU
		{46D1A101-3CF6-4B14-ABA2-A170CC7ED43D}.Release|x64.Build.0 = Release|Any CPU
		{46D1A101-3CF6-4B14-ABA2-A170CC7ED43D}.Release|x86.ActiveCfg = Release|Any CPU
		{46D1A101-3CF6-4B14-ABA2-A170CC7ED43D}.Release|x86.Build.0 = Release|Any CPU
		{BB60217C-92FC-434E-830C-22AD7F1356E2}.Debug|Any CPU.ActiveCfg = Debug|Any CPU
		{BB60217C-92FC-434E-830C-22AD7F1356E2}.Debug|Any CPU.Build.0 = Debug|Any CPU
		{BB60217C-92FC-434E-830C-22AD7F1356E2}.Debug|x64.ActiveCfg = Debug|Any CPU
		{BB60217C-92FC-434E-830C-22AD7F1356E2}.Debug|x64.Build.0 = Debug|Any CPU
		{BB60217C-92FC-434E-830C-22AD7F1356E2}.Debug|x86.ActiveCfg = Debug|Any CPU
		{BB60217C-92FC-434E-830C-22AD7F1356E2}.Debug|x86.Build.0 = Debug|Any CPU
		{BB60217C-92FC-434E-830C-22AD7F1356E2}.Release|Any CPU.ActiveCfg = Release|Any CPU
		{BB60217C-92FC-434E-830C-22AD7F1356E2}.Release|Any CPU.Build.0 = Release|Any CPU
		{BB60217C-92FC-434E-830C-22AD7F1356E2}.Release|x64.ActiveCfg = Release|Any CPU
		{BB60217C-92FC-434E-830C-22AD7F1356E2}.Release|x64.Build.0 = Release|Any CPU
		{BB60217C-92FC-434E-830C-22AD7F1356E2}.Release|x86.ActiveCfg = Release|Any CPU
		{BB60217C-92FC-434E-830C-22AD7F1356E2}.Release|x86.Build.0 = Release|Any CPU
		{24705B98-B657-467D-98AC-3E1C32DC3EE2}.Debug|Any CPU.ActiveCfg = Debug|Any CPU
		{24705B98-B657-467D-98AC-3E1C32DC3EE2}.Debug|Any CPU.Build.0 = Debug|Any CPU
		{24705B98-B657-467D-98AC-3E1C32DC3EE2}.Debug|x64.ActiveCfg = Debug|Any CPU
		{24705B98-B657-467D-98AC-3E1C32DC3EE2}.Debug|x64.Build.0 = Debug|Any CPU
		{24705B98-B657-467D-98AC-3E1C32DC3EE2}.Debug|x86.ActiveCfg = Debug|Any CPU
		{24705B98-B657-467D-98AC-3E1C32DC3EE2}.Debug|x86.Build.0 = Debug|Any CPU
		{24705B98-B657-467D-98AC-3E1C32DC3EE2}.Release|Any CPU.ActiveCfg = Release|Any CPU
		{24705B98-B657-467D-98AC-3E1C32DC3EE2}.Release|Any CPU.Build.0 = Release|Any CPU
		{24705B98-B657-467D-98AC-3E1C32DC3EE2}.Release|x64.ActiveCfg = Release|Any CPU
		{24705B98-B657-467D-98AC-3E1C32DC3EE2}.Release|x64.Build.0 = Release|Any CPU
		{24705B98-B657-467D-98AC-3E1C32DC3EE2}.Release|x86.ActiveCfg = Release|Any CPU
		{24705B98-B657-467D-98AC-3E1C32DC3EE2}.Release|x86.Build.0 = Release|Any CPU
		{18147544-7EB1-4642-B8E8-8C263BFF5F27}.Debug|Any CPU.ActiveCfg = Debug|Any CPU
		{18147544-7EB1-4642-B8E8-8C263BFF5F27}.Debug|Any CPU.Build.0 = Debug|Any CPU
		{18147544-7EB1-4642-B8E8-8C263BFF5F27}.Debug|x64.ActiveCfg = Debug|Any CPU
		{18147544-7EB1-4642-B8E8-8C263BFF5F27}.Debug|x64.Build.0 = Debug|Any CPU
		{18147544-7EB1-4642-B8E8-8C263BFF5F27}.Debug|x86.ActiveCfg = Debug|Any CPU
		{18147544-7EB1-4642-B8E8-8C263BFF5F27}.Debug|x86.Build.0 = Debug|Any CPU
		{18147544-7EB1-4642-B8E8-8C263BFF5F27}.Release|Any CPU.ActiveCfg = Release|Any CPU
		{18147544-7EB1-4642-B8E8-8C263BFF5F27}.Release|Any CPU.Build.0 = Release|Any CPU
		{18147544-7EB1-4642-B8E8-8C263BFF5F27}.Release|x64.ActiveCfg = Release|Any CPU
		{18147544-7EB1-4642-B8E8-8C263BFF5F27}.Release|x64.Build.0 = Release|Any CPU
		{18147544-7EB1-4642-B8E8-8C263BFF5F27}.Release|x86.ActiveCfg = Release|Any CPU
		{18147544-7EB1-4642-B8E8-8C263BFF5F27}.Release|x86.Build.0 = Release|Any CPU
	EndGlobalSection
	GlobalSection(SolutionProperties) = preSolution
		HideSolutionNode = FALSE
	EndGlobalSection
	GlobalSection(ExtensibilityGlobals) = postSolution
		SolutionGuid = {51571717-5FBF-4F0D-AF54-B86B7B393D60}
	EndGlobalSection
EndGlobal
